// !$*UTF8*$!
{
	archiveVersion = 1;
	classes = {
	};
	objectVersion = 70;
	objects = {

/* Begin PBXBuildFile section */
		760BF96DB0F8B9D012AA8267 /* Pods_ThemeApp_.framework in Frameworks */ = {isa = PBXBuildFile; fileRef = 7C4B2FD5759A246DE9A3C242 /* Pods_ThemeApp_.framework */; };
		DB9F7D022E11782200AB6085 /* Localizable.strings in Resources */ = {isa = PBXBuildFile; fileRef = DB9F7CFE2E11782200AB6085 /* Localizable.strings */; };
		DB9F7D032E11782200AB6085 /* LocalizationKeys.swift in Sources */ = {isa = PBXBuildFile; fileRef = DB9F7CDD2E11782200AB6085 /* LocalizationKeys.swift */; };
		DB9F7D042E11782200AB6085 /* PurchasedView.swift in Sources */ = {isa = PBXBuildFile; fileRef = DB9F7CED2E11782200AB6085 /* PurchasedView.swift */; };
		DB9F7D052E11782200AB6085 /* LocalizationHelper.swift in Sources */ = {isa = PBXBuildFile; fileRef = DB9F7CDC2E11782200AB6085 /* LocalizationHelper.swift */; };
		DB9F7D062E11782200AB6085 /* WidgetManagerInteractor.swift in Sources */ = {isa = PBXBuildFile; fileRef = DB9F7CF62E11782200AB6085 /* WidgetManagerInteractor.swift */; };
		DB9F7D072E11782200AB6085 /* MarketPresenter.swift in Sources */ = {isa = PBXBuildFile; fileRef = DB9F7CE22E11782200AB6085 /* MarketPresenter.swift */; };
		DB9F7D082E11782200AB6085 /* AppleSignInManager.swift in Sources */ = {isa = PBXBuildFile; fileRef = DB9F7CD32E11782200AB6085 /* AppleSignInManager.swift */; };
		DB9F7D092E11782200AB6085 /* WidgetManagerContracts.swift in Sources */ = {isa = PBXBuildFile; fileRef = DB9F7CF52E11782200AB6085 /* WidgetManagerContracts.swift */; };
		DB9F7D0B2E11782200AB6085 /* CustomTabBar.swift in Sources */ = {isa = PBXBuildFile; fileRef = DB9F7CD52E11782200AB6085 /* CustomTabBar.swift */; };
		DB9F7D0C2E11782200AB6085 /* WidgetPreviewCard.swift in Sources */ = {isa = PBXBuildFile; fileRef = DB9F7CD72E11782200AB6085 /* WidgetPreviewCard.swift */; };
		DB9F7D0E2E11782200AB6085 /* ThemeDetailPresenter.swift in Sources */ = {isa = PBXBuildFile; fileRef = DB9F7CF12E11782200AB6085 /* ThemeDetailPresenter.swift */; };
		DB9F7D0F2E11782200AB6085 /* WidgetManagerView.swift in Sources */ = {isa = PBXBuildFile; fileRef = DB9F7CF92E11782200AB6085 /* WidgetManagerView.swift */; };
		DB9F7D102E11782200AB6085 /* MarketContracts.swift in Sources */ = {isa = PBXBuildFile; fileRef = DB9F7CE02E11782200AB6085 /* MarketContracts.swift */; };
		DB9F7D122E11782200AB6085 /* WidgetManagerPresenter.swift in Sources */ = {isa = PBXBuildFile; fileRef = DB9F7CF72E11782200AB6085 /* WidgetManagerPresenter.swift */; };
		DB9F7D132E11782200AB6085 /* MarketInteractor.swift in Sources */ = {isa = PBXBuildFile; fileRef = DB9F7CE12E11782200AB6085 /* MarketInteractor.swift */; };
		DB9F7D142E11782200AB6085 /* WidgetManagerRouter.swift in Sources */ = {isa = PBXBuildFile; fileRef = DB9F7CF82E11782200AB6085 /* WidgetManagerRouter.swift */; };
		DB9F7D152E11782200AB6085 /* ThemeDetailView.swift in Sources */ = {isa = PBXBuildFile; fileRef = DB9F7CF32E11782200AB6085 /* ThemeDetailView.swift */; };
		DB9F7D162E11782200AB6085 /* ThemeApp.swift in Sources */ = {isa = PBXBuildFile; fileRef = DB9F7D012E11782200AB6085 /* ThemeApp.swift */; };
		DB9F7D172E11782200AB6085 /* UserProfile.swift in Sources */ = {isa = PBXBuildFile; fileRef = DB9F7CDA2E11782200AB6085 /* UserProfile.swift */; };
		DB9F7D182E11782200AB6085 /* MarketRouter.swift in Sources */ = {isa = PBXBuildFile; fileRef = DB9F7CE32E11782200AB6085 /* MarketRouter.swift */; };
		DB9F7D192E11782200AB6085 /* ThemeDetailInteractor.swift in Sources */ = {isa = PBXBuildFile; fileRef = DB9F7CF02E11782200AB6085 /* ThemeDetailInteractor.swift */; };
		DB9F7D1A2E11782200AB6085 /* Theme.swift in Sources */ = {isa = PBXBuildFile; fileRef = DB9F7CD92E11782200AB6085 /* Theme.swift */; };
		DB9F7D1C2E11782200AB6085 /* ThemeDetailContracts.swift in Sources */ = {isa = PBXBuildFile; fileRef = DB9F7CEF2E11782200AB6085 /* ThemeDetailContracts.swift */; };
		DB9F7D1E2E11782200AB6085 /* AppleSignInButton.swift in Sources */ = {isa = PBXBuildFile; fileRef = DB9F7CD22E11782200AB6085 /* AppleSignInButton.swift */; };
		DB9F7D1F2E11782200AB6085 /* ThemeDetailRouter.swift in Sources */ = {isa = PBXBuildFile; fileRef = DB9F7CF22E11782200AB6085 /* ThemeDetailRouter.swift */; };
		DB9F7D202E11782200AB6085 /* PurchasedPresenter.swift in Sources */ = {isa = PBXBuildFile; fileRef = DB9F7CEC2E11782200AB6085 /* PurchasedPresenter.swift */; };
		DB9F7D212E11782200AB6085 /* PurchasedThemeCard.swift in Sources */ = {isa = PBXBuildFile; fileRef = DB9F7CD62E11782200AB6085 /* PurchasedThemeCard.swift */; };
		DB9F7D222E11782200AB6085 /* MarketView.swift in Sources */ = {isa = PBXBuildFile; fileRef = DB9F7CE42E11782200AB6085 /* MarketView.swift */; };
		DB9F7D242E11824800AB6085 /* GoogleService-Info.plist in Resources */ = {isa = PBXBuildFile; fileRef = DB9F7D232E11824800AB6085 /* GoogleService-Info.plist */; };
		DBABB1372E144815005547CF /* UserInfoCard.swift in Sources */ = {isa = PBXBuildFile; fileRef = DBABB1362E144815005547CF /* UserInfoCard.swift */; };
		DBABB1392E14487D005547CF /* TabBarButton.swift in Sources */ = {isa = PBXBuildFile; fileRef = DBABB1382E14487D005547CF /* TabBarButton.swift */; };
		DBABB13B2E1448CD005547CF /* ThemeCard.swift in Sources */ = {isa = PBXBuildFile; fileRef = DBABB13A2E1448CD005547CF /* ThemeCard.swift */; };
/* End PBXBuildFile section */

/* Begin PBXFileReference section */
		381599AFA0BD970998AE37A1 /* Pods-ThemeApp-.debug.xcconfig */ = {isa = PBXFileReference; includeInIndex = 1; lastKnownFileType = text.xcconfig; name = "Pods-ThemeApp-.debug.xcconfig"; path = "Target Support Files/Pods-ThemeApp-/Pods-ThemeApp-.debug.xcconfig"; sourceTree = "<group>"; };
		7C4B2FD5759A246DE9A3C242 /* Pods_ThemeApp_.framework */ = {isa = PBXFileReference; explicitFileType = wrapper.framework; includeInIndex = 0; path = Pods_ThemeApp_.framework; sourceTree = BUILT_PRODUCTS_DIR; };
		DB9AF2262E07139400E645BF /* ThemeApp-.app */ = {isa = PBXFileReference; explicitFileType = wrapper.application; includeInIndex = 0; path = "ThemeApp-.app"; sourceTree = BUILT_PRODUCTS_DIR; };
		DB9F7CD22E11782200AB6085 /* AppleSignInButton.swift */ = {isa = PBXFileReference; lastKnownFileType = sourcecode.swift; path = AppleSignInButton.swift; sourceTree = "<group>"; };
		DB9F7CD32E11782200AB6085 /* AppleSignInManager.swift */ = {isa = PBXFileReference; lastKnownFileType = sourcecode.swift; path = AppleSignInManager.swift; sourceTree = "<group>"; };
		DB9F7CD52E11782200AB6085 /* CustomTabBar.swift */ = {isa = PBXFileReference; lastKnownFileType = sourcecode.swift; path = CustomTabBar.swift; sourceTree = "<group>"; };
		DB9F7CD62E11782200AB6085 /* PurchasedThemeCard.swift */ = {isa = PBXFileReference; lastKnownFileType = sourcecode.swift; path = PurchasedThemeCard.swift; sourceTree = "<group>"; };
		DB9F7CD72E11782200AB6085 /* WidgetPreviewCard.swift */ = {isa = PBXFileReference; lastKnownFileType = sourcecode.swift; path = WidgetPreviewCard.swift; sourceTree = "<group>"; };
		DB9F7CD92E11782200AB6085 /* Theme.swift */ = {isa = PBXFileReference; lastKnownFileType = sourcecode.swift; path = Theme.swift; sourceTree = "<group>"; };
		DB9F7CDA2E11782200AB6085 /* UserProfile.swift */ = {isa = PBXFileReference; lastKnownFileType = sourcecode.swift; path = UserProfile.swift; sourceTree = "<group>"; };
		DB9F7CDC2E11782200AB6085 /* LocalizationHelper.swift */ = {isa = PBXFileReference; lastKnownFileType = sourcecode.swift; path = LocalizationHelper.swift; sourceTree = "<group>"; };
		DB9F7CDD2E11782200AB6085 /* LocalizationKeys.swift */ = {isa = PBXFileReference; lastKnownFileType = sourcecode.swift; path = LocalizationKeys.swift; sourceTree = "<group>"; };
		DB9F7CE02E11782200AB6085 /* MarketContracts.swift */ = {isa = PBXFileReference; lastKnownFileType = sourcecode.swift; path = MarketContracts.swift; sourceTree = "<group>"; };
		DB9F7CE12E11782200AB6085 /* MarketInteractor.swift */ = {isa = PBXFileReference; lastKnownFileType = sourcecode.swift; path = MarketInteractor.swift; sourceTree = "<group>"; };
		DB9F7CE22E11782200AB6085 /* MarketPresenter.swift */ = {isa = PBXFileReference; lastKnownFileType = sourcecode.swift; path = MarketPresenter.swift; sourceTree = "<group>"; };
		DB9F7CE32E11782200AB6085 /* MarketRouter.swift */ = {isa = PBXFileReference; lastKnownFileType = sourcecode.swift; path = MarketRouter.swift; sourceTree = "<group>"; };
		DB9F7CE42E11782200AB6085 /* MarketView.swift */ = {isa = PBXFileReference; lastKnownFileType = sourcecode.swift; path = MarketView.swift; sourceTree = "<group>"; };
		DB9F7CEC2E11782200AB6085 /* PurchasedPresenter.swift */ = {isa = PBXFileReference; lastKnownFileType = sourcecode.swift; path = PurchasedPresenter.swift; sourceTree = "<group>"; };
		DB9F7CED2E11782200AB6085 /* PurchasedView.swift */ = {isa = PBXFileReference; lastKnownFileType = sourcecode.swift; path = PurchasedView.swift; sourceTree = "<group>"; };
		DB9F7CEF2E11782200AB6085 /* ThemeDetailContracts.swift */ = {isa = PBXFileReference; lastKnownFileType = sourcecode.swift; path = ThemeDetailContracts.swift; sourceTree = "<group>"; };
		DB9F7CF02E11782200AB6085 /* ThemeDetailInteractor.swift */ = {isa = PBXFileReference; lastKnownFileType = sourcecode.swift; path = ThemeDetailInteractor.swift; sourceTree = "<group>"; };
		DB9F7CF12E11782200AB6085 /* ThemeDetailPresenter.swift */ = {isa = PBXFileReference; lastKnownFileType = sourcecode.swift; path = ThemeDetailPresenter.swift; sourceTree = "<group>"; };
		DB9F7CF22E11782200AB6085 /* ThemeDetailRouter.swift */ = {isa = PBXFileReference; lastKnownFileType = sourcecode.swift; path = ThemeDetailRouter.swift; sourceTree = "<group>"; };
		DB9F7CF32E11782200AB6085 /* ThemeDetailView.swift */ = {isa = PBXFileReference; lastKnownFileType = sourcecode.swift; path = ThemeDetailView.swift; sourceTree = "<group>"; };
		DB9F7CF52E11782200AB6085 /* WidgetManagerContracts.swift */ = {isa = PBXFileReference; lastKnownFileType = sourcecode.swift; path = WidgetManagerContracts.swift; sourceTree = "<group>"; };
		DB9F7CF62E11782200AB6085 /* WidgetManagerInteractor.swift */ = {isa = PBXFileReference; lastKnownFileType = sourcecode.swift; path = WidgetManagerInteractor.swift; sourceTree = "<group>"; };
		DB9F7CF72E11782200AB6085 /* WidgetManagerPresenter.swift */ = {isa = PBXFileReference; lastKnownFileType = sourcecode.swift; path = WidgetManagerPresenter.swift; sourceTree = "<group>"; };
		DB9F7CF82E11782200AB6085 /* WidgetManagerRouter.swift */ = {isa = PBXFileReference; lastKnownFileType = sourcecode.swift; path = WidgetManagerRouter.swift; sourceTree = "<group>"; };
		DB9F7CF92E11782200AB6085 /* WidgetManagerView.swift */ = {isa = PBXFileReference; lastKnownFileType = sourcecode.swift; path = WidgetManagerView.swift; sourceTree = "<group>"; };
		DB9F7CFC2E11782200AB6085 /* en */ = {isa = PBXFileReference; lastKnownFileType = text.plist.strings; name = en; path = en.lproj/Localizable.strings; sourceTree = "<group>"; };
		DB9F7CFD2E11782200AB6085 /* tr */ = {isa = PBXFileReference; lastKnownFileType = text.plist.strings; name = tr; path = tr.lproj/Localizable.strings; sourceTree = "<group>"; };
		DB9F7D002E11782200AB6085 /* ThemeApp.entitlements */ = {isa = PBXFileReference; lastKnownFileType = text.plist.entitlements; path = ThemeApp.entitlements; sourceTree = "<group>"; };
		DB9F7D012E11782200AB6085 /* ThemeApp.swift */ = {isa = PBXFileReference; lastKnownFileType = sourcecode.swift; path = ThemeApp.swift; sourceTree = "<group>"; };
		DB9F7D232E11824800AB6085 /* GoogleService-Info.plist */ = {isa = PBXFileReference; lastKnownFileType = text.plist.xml; path = "GoogleService-Info.plist"; sourceTree = "<group>"; };
		DB9F7D252E118F2700AB6085 /* ThemeApp-.entitlements */ = {isa = PBXFileReference; lastKnownFileType = text.plist.entitlements; path = "ThemeApp-.entitlements"; sourceTree = "<group>"; };
		DBABB1362E144815005547CF /* UserInfoCard.swift */ = {isa = PBXFileReference; lastKnownFileType = sourcecode.swift; path = UserInfoCard.swift; sourceTree = "<group>"; };
		DBABB1382E14487D005547CF /* TabBarButton.swift */ = {isa = PBXFileReference; lastKnownFileType = sourcecode.swift; path = TabBarButton.swift; sourceTree = "<group>"; };
		DBABB13A2E1448CD005547CF /* ThemeCard.swift */ = {isa = PBXFileReference; lastKnownFileType = sourcecode.swift; path = ThemeCard.swift; sourceTree = "<group>"; };
		FFCD1FA5FBA8789B9F501F07 /* Pods-ThemeApp-.release.xcconfig */ = {isa = PBXFileReference; includeInIndex = 1; lastKnownFileType = text.xcconfig; name = "Pods-ThemeApp-.release.xcconfig"; path = "Target Support Files/Pods-ThemeApp-/Pods-ThemeApp-.release.xcconfig"; sourceTree = "<group>"; };
/* End PBXFileReference section */

/* Begin PBXFileSystemSynchronizedRootGroup section */
		DBABB14D2E14491A005547CF /* Profile */ = {isa = PBXFileSystemSynchronizedRootGroup; explicitFileTypes = {}; explicitFolders = (); path = Profile; sourceTree = "<group>"; };
/* End PBXFileSystemSynchronizedRootGroup section */

/* Begin PBXFrameworksBuildPhase section */
		DB9AF2232E07139400E645BF /* Frameworks */ = {
			isa = PBXFrameworksBuildPhase;
			buildActionMask = 2147483647;
			files = (
				760BF96DB0F8B9D012AA8267 /* Pods_ThemeApp_.framework in Frameworks */,
			);
			runOnlyForDeploymentPostprocessing = 0;
		};
/* End PBXFrameworksBuildPhase section */

/* Begin PBXGroup section */
		DB9AF21D2E07139400E645BF = {
			isa = PBXGroup;
			children = (
				DB9AF2282E07139400E645BF /* ThemeApp- */,
				DB9AF2272E07139400E645BF /* Products */,
				DBF5F17602FCAD57ADBB7D9C /* Pods */,
				EE2200BD42D7D74E04BBF77B /* Frameworks */,
			);
			sourceTree = "<group>";
		};
		DB9AF2272E07139400E645BF /* Products */ = {
			isa = PBXGroup;
			children = (
				DB9AF2262E07139400E645BF /* ThemeApp-.app */,
			);
			name = Products;
			sourceTree = "<group>";
		};
		DB9AF2282E07139400E645BF /* ThemeApp- */ = {
			isa = PBXGroup;
			children = (
				DB9F7D252E118F2700AB6085 /* ThemeApp-.entitlements */,
				DB9F7CDF2E11782200AB6085 /* Common */,
				DB9F7CFB2E11782200AB6085 /* Modules */,
				DB9F7CFF2E11782200AB6085 /* Resources */,
				DB9F7D002E11782200AB6085 /* ThemeApp.entitlements */,
				DB9F7D012E11782200AB6085 /* ThemeApp.swift */,
				DB9F7D232E11824800AB6085 /* GoogleService-Info.plist */,
			);
			path = "ThemeApp-";
			sourceTree = "<group>";
		};
		DB9F7CD42E11782200AB6085 /* Authentication */ = {
			isa = PBXGroup;
			children = (
				DB9F7CD22E11782200AB6085 /* AppleSignInButton.swift */,
				DB9F7CD32E11782200AB6085 /* AppleSignInManager.swift */,
				DBABB1362E144815005547CF /* UserInfoCard.swift */,
			);
			path = Authentication;
			sourceTree = "<group>";
		};
		DB9F7CD82E11782200AB6085 /* Components */ = {
			isa = PBXGroup;
			children = (
				DB9F7CD52E11782200AB6085 /* CustomTabBar.swift */,
				DB9F7CD62E11782200AB6085 /* PurchasedThemeCard.swift */,
				DB9F7CD72E11782200AB6085 /* WidgetPreviewCard.swift */,
				DBABB1382E14487D005547CF /* TabBarButton.swift */,
			);
			path = Components;
			sourceTree = "<group>";
		};
		DB9F7CDB2E11782200AB6085 /* Models */ = {
			isa = PBXGroup;
			children = (
				DB9F7CD92E11782200AB6085 /* Theme.swift */,
				DB9F7CDA2E11782200AB6085 /* UserProfile.swift */,
			);
			path = Models;
			sourceTree = "<group>";
		};
		DB9F7CDE2E11782200AB6085 /* Utils */ = {
			isa = PBXGroup;
			children = (
				DB9F7CDC2E11782200AB6085 /* LocalizationHelper.swift */,
				DB9F7CDD2E11782200AB6085 /* LocalizationKeys.swift */,
			);
			path = Utils;
			sourceTree = "<group>";
		};
		DB9F7CDF2E11782200AB6085 /* Common */ = {
			isa = PBXGroup;
			children = (
				DB9F7CD42E11782200AB6085 /* Authentication */,
				DB9F7CD82E11782200AB6085 /* Components */,
				DB9F7CDB2E11782200AB6085 /* Models */,
				DB9F7CDE2E11782200AB6085 /* Utils */,
			);
			path = Common;
			sourceTree = "<group>";
		};
		DB9F7CE52E11782200AB6085 /* Market */ = {
			isa = PBXGroup;
			children = (
				DB9F7CE02E11782200AB6085 /* MarketContracts.swift */,
				DB9F7CE12E11782200AB6085 /* MarketInteractor.swift */,
				DB9F7CE22E11782200AB6085 /* MarketPresenter.swift */,
				DB9F7CE32E11782200AB6085 /* MarketRouter.swift */,
				DB9F7CE42E11782200AB6085 /* MarketView.swift */,
				DBABB13A2E1448CD005547CF /* ThemeCard.swift */,
			);
			path = Market;
			sourceTree = "<group>";
		};
		DB9F7CEE2E11782200AB6085 /* Purchased */ = {
			isa = PBXGroup;
			children = (
				DB9F7CEC2E11782200AB6085 /* PurchasedPresenter.swift */,
				DB9F7CED2E11782200AB6085 /* PurchasedView.swift */,
			);
			path = Purchased;
			sourceTree = "<group>";
		};
		DB9F7CF42E11782200AB6085 /* ThemeDetail */ = {
			isa = PBXGroup;
			children = (
				DB9F7CEF2E11782200AB6085 /* ThemeDetailContracts.swift */,
				DB9F7CF02E11782200AB6085 /* ThemeDetailInteractor.swift */,
				DB9F7CF12E11782200AB6085 /* ThemeDetailPresenter.swift */,
				DB9F7CF22E11782200AB6085 /* ThemeDetailRouter.swift */,
				DB9F7CF32E11782200AB6085 /* ThemeDetailView.swift */,
			);
			path = ThemeDetail;
			sourceTree = "<group>";
		};
		DB9F7CFA2E11782200AB6085 /* WidgetManager */ = {
			isa = PBXGroup;
			children = (
				DB9F7CF52E11782200AB6085 /* WidgetManagerContracts.swift */,
				DB9F7CF62E11782200AB6085 /* WidgetManagerInteractor.swift */,
				DB9F7CF72E11782200AB6085 /* WidgetManagerPresenter.swift */,
				DB9F7CF82E11782200AB6085 /* WidgetManagerRouter.swift */,
				DB9F7CF92E11782200AB6085 /* WidgetManagerView.swift */,
			);
			path = WidgetManager;
			sourceTree = "<group>";
		};
		DB9F7CFB2E11782200AB6085 /* Modules */ = {
			isa = PBXGroup;
			children = (
				DBABB14D2E14491A005547CF /* Profile */,
				DB9F7CE52E11782200AB6085 /* Market */,
				DB9F7CEE2E11782200AB6085 /* Purchased */,
				DB9F7CF42E11782200AB6085 /* ThemeDetail */,
				DB9F7CFA2E11782200AB6085 /* WidgetManager */,
			);
			path = Modules;
			sourceTree = "<group>";
		};
		DB9F7CFF2E11782200AB6085 /* Resources */ = {
			isa = PBXGroup;
			children = (
				DB9F7CFE2E11782200AB6085 /* Localizable.strings */,
			);
			path = Resources;
			sourceTree = "<group>";
		};
		DBF5F17602FCAD57ADBB7D9C /* Pods */ = {
			isa = PBXGroup;
			children = (
				381599AFA0BD970998AE37A1 /* Pods-ThemeApp-.debug.xcconfig */,
				FFCD1FA5FBA8789B9F501F07 /* Pods-ThemeApp-.release.xcconfig */,
			);
			path = Pods;
			sourceTree = "<group>";
		};
		EE2200BD42D7D74E04BBF77B /* Frameworks */ = {
			isa = PBXGroup;
			children = (
				7C4B2FD5759A246DE9A3C242 /* Pods_ThemeApp_.framework */,
			);
			name = Frameworks;
			sourceTree = "<group>";
		};
/* End PBXGroup section */

/* Begin PBXNativeTarget section */
		DB9AF2252E07139400E645BF /* ThemeApp- */ = {
			isa = PBXNativeTarget;
			buildConfigurationList = DB9AF2312E07139500E645BF /* Build configuration list for PBXNativeTarget "ThemeApp-" */;
			buildPhases = (
				9D7D242CDBF9E7CD5E86176F /* [CP] Check Pods Manifest.lock */,
				DB9AF2222E07139400E645BF /* Sources */,
				DB9AF2232E07139400E645BF /* Frameworks */,
				DB9AF2242E07139400E645BF /* Resources */,
				1624359E61E91780CB187114 /* [CP] Embed Pods Frameworks */,
			);
			buildRules = (
			);
			dependencies = (
			);
			fileSystemSynchronizedGroups = (
				DBABB14D2E14491A005547CF /* Profile */,
			);
			name = "ThemeApp-";
			productName = "ThemeApp-";
			productReference = DB9AF2262E07139400E645BF /* ThemeApp-.app */;
			productType = "com.apple.product-type.application";
		};
/* End PBXNativeTarget section */

/* Begin PBXProject section */
		DB9AF21E2E07139400E645BF /* Project object */ = {
			isa = PBXProject;
			attributes = {
				BuildIndependentTargetsInParallel = 1;
				LastSwiftUpdateCheck = 1640;
				LastUpgradeCheck = 1640;
				TargetAttributes = {
					DB9AF2252E07139400E645BF = {
						CreatedOnToolsVersion = 16.4;
					};
				};
			};
			buildConfigurationList = DB9AF2212E07139400E645BF /* Build configuration list for PBXProject "ThemeApp-" */;
			compatibilityVersion = "Xcode 14.0";
			developmentRegion = en;
			hasScannedForEncodings = 0;
			knownRegions = (
				en,
				tr,
				Base,
			);
			mainGroup = DB9AF21D2E07139400E645BF;
			productRefGroup = DB9AF2272E07139400E645BF /* Products */;
			projectDirPath = "";
			projectRoot = "";
			targets = (
				DB9AF2252E07139400E645BF /* ThemeApp- */,
			);
		};
/* End PBXProject section */

/* Begin PBXResourcesBuildPhase section */
		DB9AF2242E07139400E645BF /* Resources */ = {
			isa = PBXResourcesBuildPhase;
			buildActionMask = 2147483647;
			files = (
				DB9F7D022E11782200AB6085 /* Localizable.strings in Resources */,
				DB9F7D242E11824800AB6085 /* GoogleService-Info.plist in Resources */,
			);
			runOnlyForDeploymentPostprocessing = 0;
		};
/* End PBXResourcesBuildPhase section */

/* Begin PBXShellScriptBuildPhase section */
		1624359E61E91780CB187114 /* [CP] Embed Pods Frameworks */ = {
			isa = PBXShellScriptBuildPhase;
			buildActionMask = 2147483647;
			files = (
			);
			inputFileListPaths = (
				"${PODS_ROOT}/Target Support Files/Pods-ThemeApp-/Pods-ThemeApp--frameworks-${CONFIGURATION}-input-files.xcfilelist",
			);
			inputPaths = (
			);
			name = "[CP] Embed Pods Frameworks";
			outputFileListPaths = (
				"${PODS_ROOT}/Target Support Files/Pods-ThemeApp-/Pods-ThemeApp--frameworks-${CONFIGURATION}-output-files.xcfilelist",
			);
			outputPaths = (
			);
			runOnlyForDeploymentPostprocessing = 0;
			shellPath = /bin/sh;
			shellScript = "\"${PODS_ROOT}/Target Support Files/Pods-ThemeApp-/Pods-ThemeApp--frameworks.sh\"\n";
			showEnvVarsInLog = 0;
		};
		9D7D242CDBF9E7CD5E86176F /* [CP] Check Pods Manifest.lock */ = {
			isa = PBXShellScriptBuildPhase;
			buildActionMask = 2147483647;
			files = (
			);
			inputFileListPaths = (
			);
			inputPaths = (
				"${PODS_PODFILE_DIR_PATH}/Podfile.lock",
				"${PODS_ROOT}/Manifest.lock",
			);
			name = "[CP] Check Pods Manifest.lock";
			outputFileListPaths = (
			);
			outputPaths = (
				"$(DERIVED_FILE_DIR)/Pods-ThemeApp--checkManifestLockResult.txt",
			);
			runOnlyForDeploymentPostprocessing = 0;
			shellPath = /bin/sh;
			shellScript = "diff \"${PODS_PODFILE_DIR_PATH}/Podfile.lock\" \"${PODS_ROOT}/Manifest.lock\" > /dev/null\nif [ $? != 0 ] ; then\n    # print error to STDERR\n    echo \"error: The sandbox is not in sync with the Podfile.lock. Run 'pod install' or update your CocoaPods installation.\" >&2\n    exit 1\nfi\n# This output is used by Xcode 'outputs' to avoid re-running this script phase.\necho \"SUCCESS\" > \"${SCRIPT_OUTPUT_FILE_0}\"\n";
			showEnvVarsInLog = 0;
		};
/* End PBXShellScriptBuildPhase section */

/* Begin PBXSourcesBuildPhase section */
		DB9AF2222E07139400E645BF /* Sources */ = {
			isa = PBXSourcesBuildPhase;
			buildActionMask = 2147483647;
			files = (
				DB9F7D032E11782200AB6085 /* LocalizationKeys.swift in Sources */,
				DB9F7D042E11782200AB6085 /* PurchasedView.swift in Sources */,
				DB9F7D052E11782200AB6085 /* LocalizationHelper.swift in Sources */,
				DB9F7D062E11782200AB6085 /* WidgetManagerInteractor.swift in Sources */,
				DB9F7D072E11782200AB6085 /* MarketPresenter.swift in Sources */,
				DB9F7D082E11782200AB6085 /* AppleSignInManager.swift in Sources */,
				DB9F7D092E11782200AB6085 /* WidgetManagerContracts.swift in Sources */,
				DB9F7D0B2E11782200AB6085 /* CustomTabBar.swift in Sources */,
				DB9F7D0C2E11782200AB6085 /* WidgetPreviewCard.swift in Sources */,
				DB9F7D0E2E11782200AB6085 /* ThemeDetailPresenter.swift in Sources */,
				DB9F7D0F2E11782200AB6085 /* WidgetManagerView.swift in Sources */,
				DB9F7D102E11782200AB6085 /* MarketContracts.swift in Sources */,
				DB9F7D122E11782200AB6085 /* WidgetManagerPresenter.swift in Sources */,
				DB9F7D132E11782200AB6085 /* MarketInteractor.swift in Sources */,
				DBABB1392E14487D005547CF /* TabBarButton.swift in Sources */,
				DB9F7D142E11782200AB6085 /* WidgetManagerRouter.swift in Sources */,
				DBABB1372E144815005547CF /* UserInfoCard.swift in Sources */,
				DB9F7D152E11782200AB6085 /* ThemeDetailView.swift in Sources */,
				DB9F7D162E11782200AB6085 /* ThemeApp.swift in Sources */,
				DB9F7D172E11782200AB6085 /* UserProfile.swift in Sources */,
				DBABB13B2E1448CD005547CF /* ThemeCard.swift in Sources */,
				DB9F7D182E11782200AB6085 /* MarketRouter.swift in Sources */,
				DB9F7D192E11782200AB6085 /* ThemeDetailInteractor.swift in Sources */,
				DB9F7D1A2E11782200AB6085 /* Theme.swift in Sources */,
				DB9F7D1C2E11782200AB6085 /* ThemeDetailContracts.swift in Sources */,
				DB9F7D1E2E11782200AB6085 /* AppleSignInButton.swift in Sources */,
				DB9F7D1F2E11782200AB6085 /* ThemeDetailRouter.swift in Sources */,
				DB9F7D202E11782200AB6085 /* PurchasedPresenter.swift in Sources */,
				DB9F7D212E11782200AB6085 /* PurchasedThemeCard.swift in Sources */,
				DB9F7D222E11782200AB6085 /* MarketView.swift in Sources */,
			);
			runOnlyForDeploymentPostprocessing = 0;
		};
/* End PBXSourcesBuildPhase section */

/* Begin PBXVariantGroup section */
		DB9F7CFE2E11782200AB6085 /* Localizable.strings */ = {
			isa = PBXVariantGroup;
			children = (
				DB9F7CFC2E11782200AB6085 /* en */,
				DB9F7CFD2E11782200AB6085 /* tr */,
			);
			name = Localizable.strings;
			sourceTree = "<group>";
		};
/* End PBXVariantGroup section */

/* Begin XCBuildConfiguration section */
		DB9AF22F2E07139500E645BF /* Debug */ = {
			isa = XCBuildConfiguration;
			buildSettings = {
				ALWAYS_SEARCH_USER_PATHS = NO;
				ASSETCATALOG_COMPILER_GENERATE_SWIFT_ASSET_SYMBOL_EXTENSIONS = YES;
				CLANG_ANALYZER_NONNULL = YES;
				CLANG_ANALYZER_NUMBER_OBJECT_CONVERSION = YES_AGGRESSIVE;
				CLANG_CXX_LANGUAGE_STANDARD = "gnu++20";
				CLANG_ENABLE_MODULES = YES;
				CLANG_ENABLE_OBJC_ARC = YES;
				CLANG_ENABLE_OBJC_WEAK = YES;
				CLANG_WARN_BLOCK_CAPTURE_AUTORELEASING = YES;
				CLANG_WARN_BOOL_CONVERSION = YES;
				CLANG_WARN_COMMA = YES;
				CLANG_WARN_CONSTANT_CONVERSION = YES;
				CLANG_WARN_DEPRECATED_OBJC_IMPLEMENTATIONS = YES;
				CLANG_WARN_DIRECT_OBJC_ISA_USAGE = YES_ERROR;
				CLANG_WARN_DOCUMENTATION_COMMENTS = YES;
				CLANG_WARN_EMPTY_BODY = YES;
				CLANG_WARN_ENUM_CONVERSION = YES;
				CLANG_WARN_INFINITE_RECURSION = YES;
				CLANG_WARN_INT_CONVERSION = YES;
				CLANG_WARN_NON_LITERAL_NULL_CONVERSION = YES;
				CLANG_WARN_OBJC_IMPLICIT_RETAIN_SELF = YES;
				CLANG_WARN_OBJC_LITERAL_CONVERSION = YES;
				CLANG_WARN_OBJC_ROOT_CLASS = YES_ERROR;
				CLANG_WARN_QUOTED_INCLUDE_IN_FRAMEWORK_HEADER = YES;
				CLANG_WARN_RANGE_LOOP_ANALYSIS = YES;
				CLANG_WARN_STRICT_PROTOTYPES = YES;
				CLANG_WARN_SUSPICIOUS_MOVE = YES;
				CLANG_WARN_UNGUARDED_AVAILABILITY = YES_AGGRESSIVE;
				CLANG_WARN_UNREACHABLE_CODE = YES;
				CLANG_WARN__DUPLICATE_METHOD_MATCH = YES;
				COPY_PHASE_STRIP = NO;
				DEBUG_INFORMATION_FORMAT = dwarf;
				ENABLE_STRICT_OBJC_MSGSEND = YES;
				ENABLE_TESTABILITY = YES;
				ENABLE_USER_SCRIPT_SANDBOXING = NO;
				GCC_C_LANGUAGE_STANDARD = gnu17;
				GCC_DYNAMIC_NO_PIC = NO;
				GCC_NO_COMMON_BLOCKS = YES;
				GCC_OPTIMIZATION_LEVEL = 0;
				GCC_PREPROCESSOR_DEFINITIONS = (
					"DEBUG=1",
					"$(inherited)",
				);
				GCC_WARN_64_TO_32_BIT_CONVERSION = YES;
				GCC_WARN_ABOUT_RETURN_TYPE = YES_ERROR;
				GCC_WARN_UNDECLARED_SELECTOR = YES;
				GCC_WARN_UNINITIALIZED_AUTOS = YES_AGGRESSIVE;
				GCC_WARN_UNUSED_FUNCTION = YES;
				GCC_WARN_UNUSED_VARIABLE = YES;
				IPHONEOS_DEPLOYMENT_TARGET = 18.5;
				LOCALIZATION_PREFERS_STRING_CATALOGS = YES;
				MTL_ENABLE_DEBUG_INFO = INCLUDE_SOURCE;
				MTL_FAST_MATH = YES;
				ONLY_ACTIVE_ARCH = YES;
				SDKROOT = iphoneos;
				SWIFT_ACTIVE_COMPILATION_CONDITIONS = "DEBUG $(inherited)";
				SWIFT_OPTIMIZATION_LEVEL = "-Onone";
			};
			name = Debug;
		};
		DB9AF2302E07139500E645BF /* Release */ = {
			isa = XCBuildConfiguration;
			buildSettings = {
				ALWAYS_SEARCH_USER_PATHS = NO;
				ASSETCATALOG_COMPILER_GENERATE_SWIFT_ASSET_SYMBOL_EXTENSIONS = YES;
				CLANG_ANALYZER_NONNULL = YES;
				CLANG_ANALYZER_NUMBER_OBJECT_CONVERSION = YES_AGGRESSIVE;
				CLANG_CXX_LANGUAGE_STANDARD = "gnu++20";
				CLANG_ENABLE_MODULES = YES;
				CLANG_ENABLE_OBJC_ARC = YES;
				CLANG_ENABLE_OBJC_WEAK = YES;
				CLANG_WARN_BLOCK_CAPTURE_AUTORELEASING = YES;
				CLANG_WARN_BOOL_CONVERSION = YES;
				CLANG_WARN_COMMA = YES;
				CLANG_WARN_CONSTANT_CONVERSION = YES;
				CLANG_WARN_DEPRECATED_OBJC_IMPLEMENTATIONS = YES;
				CLANG_WARN_DIRECT_OBJC_ISA_USAGE = YES_ERROR;
				CLANG_WARN_DOCUMENTATION_COMMENTS = YES;
				CLANG_WARN_EMPTY_BODY = YES;
				CLANG_WARN_ENUM_CONVERSION = YES;
				CLANG_WARN_INFINITE_RECURSION = YES;
				CLANG_WARN_INT_CONVERSION = YES;
				CLANG_WARN_NON_LITERAL_NULL_CONVERSION = YES;
				CLANG_WARN_OBJC_IMPLICIT_RETAIN_SELF = YES;
				CLANG_WARN_OBJC_LITERAL_CONVERSION = YES;
				CLANG_WARN_OBJC_ROOT_CLASS = YES_ERROR;
				CLANG_WARN_QUOTED_INCLUDE_IN_FRAMEWORK_HEADER = YES;
				CLANG_WARN_RANGE_LOOP_ANALYSIS = YES;
				CLANG_WARN_STRICT_PROTOTYPES = YES;
				CLANG_WARN_SUSPICIOUS_MOVE = YES;
				CLANG_WARN_UNGUARDED_AVAILABILITY = YES_AGGRESSIVE;
				CLANG_WARN_UNREACHABLE_CODE = YES;
				CLANG_WARN__DUPLICATE_METHOD_MATCH = YES;
				COPY_PHASE_STRIP = NO;
				DEBUG_INFORMATION_FORMAT = "dwarf-with-dsym";
				ENABLE_NS_ASSERTIONS = NO;
				ENABLE_STRICT_OBJC_MSGSEND = YES;
				ENABLE_USER_SCRIPT_SANDBOXING = NO;
				GCC_C_LANGUAGE_STANDARD = gnu17;
				GCC_NO_COMMON_BLOCKS = YES;
				GCC_WARN_64_TO_32_BIT_CONVERSION = YES;
				GCC_WARN_ABOUT_RETURN_TYPE = YES_ERROR;
				GCC_WARN_UNDECLARED_SELECTOR = YES;
				GCC_WARN_UNINITIALIZED_AUTOS = YES_AGGRESSIVE;
				GCC_WARN_UNUSED_FUNCTION = YES;
				GCC_WARN_UNUSED_VARIABLE = YES;
				IPHONEOS_DEPLOYMENT_TARGET = 18.5;
				LOCALIZATION_PREFERS_STRING_CATALOGS = YES;
				MTL_ENABLE_DEBUG_INFO = NO;
				MTL_FAST_MATH = YES;
				SDKROOT = iphoneos;
				SWIFT_COMPILATION_MODE = wholemodule;
				VALIDATE_PRODUCT = YES;
			};
			name = Release;
		};
		DB9AF2322E07139500E645BF /* Debug */ = {
			isa = XCBuildConfiguration;
			baseConfigurationReference = 381599AFA0BD970998AE37A1 /* Pods-ThemeApp-.debug.xcconfig */;
			buildSettings = {
				ASSETCATALOG_COMPILER_APPICON_NAME = AppIcon;
				ASSETCATALOG_COMPILER_GLOBAL_ACCENT_COLOR_NAME = AccentColor;
				CODE_SIGN_ENTITLEMENTS = "ThemeApp-/ThemeApp-.entitlements";
				CODE_SIGN_STYLE = Automatic;
				CURRENT_PROJECT_VERSION = 1;
				DEVELOPMENT_TEAM = P93W3FV728;
				ENABLE_PREVIEWS = YES;
				GENERATE_INFOPLIST_FILE = YES;
				INFOPLIST_KEY_CFBundleDevelopmentRegion = en;
				INFOPLIST_KEY_CFBundleDisplayName = ThemeApp;
				INFOPLIST_KEY_CFBundleLocalizations = "en, tr";
				INFOPLIST_KEY_UIApplicationSceneManifest_Generation = YES;
				INFOPLIST_KEY_UIApplicationSupportsIndirectInputEvents = YES;
				INFOPLIST_KEY_UILaunchScreen_Generation = YES;
				INFOPLIST_KEY_UISupportedInterfaceOrientations_iPad = "UIInterfaceOrientationPortrait UIInterfaceOrientationPortraitUpsideDown UIInterfaceOrientationLandscapeLeft UIInterfaceOrientationLandscapeRight";
				INFOPLIST_KEY_UISupportedInterfaceOrientations_iPhone = "UIInterfaceOrientationPortrait UIInterfaceOrientationLandscapeLeft UIInterfaceOrientationLandscapeRight";
				IPHONEOS_DEPLOYMENT_TARGET = 16.0;
				LD_RUNPATH_SEARCH_PATHS = (
					"$(inherited)",
					"@executable_path/Frameworks",
				);
				MARKETING_VERSION = 1.0;
				PRODUCT_BUNDLE_IDENTIFIER = com.theme.ThemeApp;
				PRODUCT_NAME = "$(TARGET_NAME)";
				SUPPORTED_PLATFORMS = "iphoneos iphonesimulator";
				SUPPORTS_MACCATALYST = NO;
				SUPPORTS_MAC_DESIGNED_FOR_IPHONE_IPAD = NO;
				SUPPORTS_XR_DESIGNED_FOR_IPHONE_IPAD = NO;
				SWIFT_EMIT_LOC_STRINGS = YES;
				SWIFT_VERSION = 5.0;
				TARGETED_DEVICE_FAMILY = 1;
			};
			name = Debug;
		};
		DB9AF2332E07139500E645BF /* Release */ = {
			isa = XCBuildConfiguration;
			baseConfigurationReference = FFCD1FA5FBA8789B9F501F07 /* Pods-ThemeApp-.release.xcconfig */;
			buildSettings = {
				ASSETCATALOG_COMPILER_APPICON_NAME = AppIcon;
				ASSETCATALOG_COMPILER_GLOBAL_ACCENT_COLOR_NAME = AccentColor;
				CODE_SIGN_ENTITLEMENTS = "ThemeApp-/ThemeApp-.entitlements";
				CODE_SIGN_STYLE = Automatic;
				CURRENT_PROJECT_VERSION = 1;
				DEVELOPMENT_TEAM = P93W3FV728;
				ENABLE_PREVIEWS = YES;
				GENERATE_INFOPLIST_FILE = YES;
				INFOPLIST_KEY_CFBundleDevelopmentRegion = en;
				INFOPLIST_KEY_CFBundleDisplayName = ThemeApp;
				INFOPLIST_KEY_CFBundleLocalizations = "en, tr";
				INFOPLIST_KEY_UIApplicationSceneManifest_Generation = YES;
				INFOPLIST_KEY_UIApplicationSupportsIndirectInputEvents = YES;
				INFOPLIST_KEY_UILaunchScreen_Generation = YES;
				INFOPLIST_KEY_UISupportedInterfaceOrientations_iPad = "UIInterfaceOrientationPortrait UIInterfaceOrientationPortraitUpsideDown UIInterfaceOrientationLandscapeLeft UIInterfaceOrientationLandscapeRight";
				INFOPLIST_KEY_UISupportedInterfaceOrientations_iPhone = "UIInterfaceOrientationPortrait UIInterfaceOrientationLandscapeLeft UIInterfaceOrientationLandscapeRight";
				IPHONEOS_DEPLOYMENT_TARGET = 16.0;
				LD_RUNPATH_SEARCH_PATHS = (
					"$(inherited)",
					"@executable_path/Frameworks",
				);
				MARKETING_VERSION = 1.0;
				PRODUCT_BUNDLE_IDENTIFIER = com.theme.ThemeApp;
				PRODUCT_NAME = "$(TARGET_NAME)";
				SUPPORTED_PLATFORMS = "iphoneos iphonesimulator";
				SUPPORTS_MACCATALYST = NO;
				SUPPORTS_MAC_DESIGNED_FOR_IPHONE_IPAD = NO;
				SUPPORTS_XR_DESIGNED_FOR_IPHONE_IPAD = NO;
				SWIFT_EMIT_LOC_STRINGS = YES;
				SWIFT_VERSION = 5.0;
				TARGETED_DEVICE_FAMILY = 1;
			};
			name = Release;
		};
/* End XCBuildConfiguration section */

/* Begin XCConfigurationList section */
		DB9AF2212E07139400E645BF /* Build configuration list for PBXProject "ThemeApp-" */ = {
			isa = XCConfigurationList;
			buildConfigurations = (
				DB9AF22F2E07139500E645BF /* Debug */,
				DB9AF2302E07139500E645BF /* Release */,
			);
			defaultConfigurationIsVisible = 0;
			defaultConfigurationName = Release;
		};
		DB9AF2312E07139500E645BF /* Build configuration list for PBXNativeTarget "ThemeApp-" */ = {
			isa = XCConfigurationList;
			buildConfigurations = (
				DB9AF2322E07139500E645BF /* Debug */,
				DB9AF2332E07139500E645BF /* Release */,
			);
			defaultConfigurationIsVisible = 0;
			defaultConfigurationName = Release;
		};
/* End XCConfigurationList section */
	};
	rootObject = DB9AF21E2E07139400E645BF /* Project object */;
}
